
Microsoft Visual Studio Solution File, Format Version 12.00
# Visual Studio Version 17
VisualStudioVersion = 17.8.34408.163
MinimumVisualStudioVersion = 10.0.40219.1
Project("{FAE04EC0-301F-11D3-BF4B-00C04F79EFBC}") = "Mission06_Hall", "Mission06_Hall\Mission06_Hall.csproj", "{F7C3FE0B-8830-449A-8317-110294BD97C8}"
EndProject
Global
	GlobalSection(SolutionConfigurationPlatforms) = preSolution
		Debug|Any CPU = Debug|Any CPU
		Release|Any CPU = Release|Any CPU
	EndGlobalSection
	GlobalSection(ProjectConfigurationPlatforms) = postSolution
		{F7C3FE0B-8830-449A-8317-110294BD97C8}.Debug|Any CPU.ActiveCfg = Debug|Any CPU
		{F7C3FE0B-8830-449A-8317-110294BD97C8}.Debug|Any CPU.Build.0 = Debug|Any CPU
		{F7C3FE0B-8830-449A-8317-110294BD97C8}.Release|Any CPU.ActiveCfg = Release|Any CPU
		{F7C3FE0B-8830-449A-8317-110294BD97C8}.Release|Any CPU.Build.0 = Release|Any CPU
	EndGlobalSection
	GlobalSection(SolutionProperties) = preSolution
		HideSolutionNode = FALSE
	EndGlobalSection
	GlobalSection(ExtensibilityGlobals) = postSolution
		SolutionGuid = {ECEF11F7-298E-44C9-B225-57C75539260F}
	EndGlobalSection
EndGlobal
